// !$*UTF8*$!
{
	archiveVersion = 1;
	classes = {
	};
	objectVersion = 50;
	objects = {

/* Begin PBXBuildFile section */
		A56CF17E21B274620036C5AC /* AppDelegate.swift in Sources */ = {isa = PBXBuildFile; fileRef = A56CF17D21B274620036C5AC /* AppDelegate.swift */; };
		A56CF18021B274620036C5AC /* ViewController.swift in Sources */ = {isa = PBXBuildFile; fileRef = A56CF17F21B274620036C5AC /* ViewController.swift */; };
		A56CF18521B274630036C5AC /* Assets.xcassets in Resources */ = {isa = PBXBuildFile; fileRef = A56CF18421B274630036C5AC /* Assets.xcassets */; };
		A56CF18821B274630036C5AC /* LaunchScreen.storyboard in Resources */ = {isa = PBXBuildFile; fileRef = A56CF18621B274630036C5AC /* LaunchScreen.storyboard */; };
		A56CF19321B274630036C5AC /* AdventOfCodeTests.swift in Sources */ = {isa = PBXBuildFile; fileRef = A56CF19221B274630036C5AC /* AdventOfCodeTests.swift */; };
		A56CF19E21B277BA0036C5AC /* LeaderboardKey.swift in Sources */ = {isa = PBXBuildFile; fileRef = A56CF19D21B277BA0036C5AC /* LeaderboardKey.swift */; };
		A56CF1A021B2922E0036C5AC /* Interactor.swift in Sources */ = {isa = PBXBuildFile; fileRef = A56CF19F21B2922E0036C5AC /* Interactor.swift */; };
		A56CF1A221B2927A0036C5AC /* Leaderboard.swift in Sources */ = {isa = PBXBuildFile; fileRef = A56CF1A121B2927A0036C5AC /* Leaderboard.swift */; };
		A56CF1A421B292A70036C5AC /* Example.json in Resources */ = {isa = PBXBuildFile; fileRef = A56CF1A321B292A70036C5AC /* Example.json */; };
/* End PBXBuildFile section */

/* Begin PBXContainerItemProxy section */
		A56CF18F21B274630036C5AC /* PBXContainerItemProxy */ = {
			isa = PBXContainerItemProxy;
			containerPortal = A56CF17221B274620036C5AC /* Project object */;
			proxyType = 1;
			remoteGlobalIDString = A56CF17921B274620036C5AC;
			remoteInfo = AdventOfCode;
		};
/* End PBXContainerItemProxy section */

/* Begin PBXFileReference section */
		A56CF17A21B274620036C5AC /* AdventOfCode.app */ = {isa = PBXFileReference; explicitFileType = wrapper.application; includeInIndex = 0; path = AdventOfCode.app; sourceTree = BUILT_PRODUCTS_DIR; };
		A56CF17D21B274620036C5AC /* AppDelegate.swift */ = {isa = PBXFileReference; lastKnownFileType = sourcecode.swift; path = AppDelegate.swift; sourceTree = "<group>"; };
		A56CF17F21B274620036C5AC /* ViewController.swift */ = {isa = PBXFileReference; lastKnownFileType = sourcecode.swift; path = ViewController.swift; sourceTree = "<group>"; };
		A56CF18421B274630036C5AC /* Assets.xcassets */ = {isa = PBXFileReference; lastKnownFileType = folder.assetcatalog; path = Assets.xcassets; sourceTree = "<group>"; };
		A56CF18721B274630036C5AC /* Base */ = {isa = PBXFileReference; lastKnownFileType = file.storyboard; name = Base; path = Base.lproj/LaunchScreen.storyboard; sourceTree = "<group>"; };
		A56CF18921B274630036C5AC /* Info.plist */ = {isa = PBXFileReference; lastKnownFileType = text.plist.xml; path = Info.plist; sourceTree = "<group>"; };
		A56CF18E21B274630036C5AC /* AdventOfCodeTests.xctest */ = {isa = PBXFileReference; explicitFileType = wrapper.cfbundle; includeInIndex = 0; path = AdventOfCodeTests.xctest; sourceTree = BUILT_PRODUCTS_DIR; };
		A56CF19221B274630036C5AC /* AdventOfCodeTests.swift */ = {isa = PBXFileReference; lastKnownFileType = sourcecode.swift; path = AdventOfCodeTests.swift; sourceTree = "<group>"; };
		A56CF19421B274630036C5AC /* Info.plist */ = {isa = PBXFileReference; lastKnownFileType = text.plist.xml; path = Info.plist; sourceTree = "<group>"; };
		A56CF19D21B277BA0036C5AC /* LeaderboardKey.swift */ = {isa = PBXFileReference; lastKnownFileType = sourcecode.swift; path = LeaderboardKey.swift; sourceTree = "<group>"; };
		A56CF19F21B2922E0036C5AC /* Interactor.swift */ = {isa = PBXFileReference; lastKnownFileType = sourcecode.swift; path = Interactor.swift; sourceTree = "<group>"; };
		A56CF1A121B2927A0036C5AC /* Leaderboard.swift */ = {isa = PBXFileReference; lastKnownFileType = sourcecode.swift; path = Leaderboard.swift; sourceTree = "<group>"; };
		A56CF1A321B292A70036C5AC /* Example.json */ = {isa = PBXFileReference; lastKnownFileType = text.json; path = Example.json; sourceTree = "<group>"; };
/* End PBXFileReference section */

/* Begin PBXFrameworksBuildPhase section */
		A56CF17721B274620036C5AC /* Frameworks */ = {
			isa = PBXFrameworksBuildPhase;
			buildActionMask = 2147483647;
			files = (
			);
			runOnlyForDeploymentPostprocessing = 0;
		};
		A56CF18B21B274630036C5AC /* Frameworks */ = {
			isa = PBXFrameworksBuildPhase;
			buildActionMask = 2147483647;
			files = (
			);
			runOnlyForDeploymentPostprocessing = 0;
		};
/* End PBXFrameworksBuildPhase section */

/* Begin PBXGroup section */
		A56CF17121B274620036C5AC = {
			isa = PBXGroup;
			children = (
				A56CF17C21B274620036C5AC /* AdventOfCode */,
				A56CF19121B274630036C5AC /* AdventOfCodeTests */,
				A56CF17B21B274620036C5AC /* Products */,
			);
			sourceTree = "<group>";
		};
		A56CF17B21B274620036C5AC /* Products */ = {
			isa = PBXGroup;
			children = (
				A56CF17A21B274620036C5AC /* AdventOfCode.app */,
				A56CF18E21B274630036C5AC /* AdventOfCodeTests.xctest */,
			);
			name = Products;
			sourceTree = "<group>";
		};
		A56CF17C21B274620036C5AC /* AdventOfCode */ = {
			isa = PBXGroup;
			children = (
				A56CF17D21B274620036C5AC /* AppDelegate.swift */,
				A56CF17F21B274620036C5AC /* ViewController.swift */,
				A56CF18421B274630036C5AC /* Assets.xcassets */,
				A56CF18621B274630036C5AC /* LaunchScreen.storyboard */,
				A56CF18921B274630036C5AC /* Info.plist */,
				A56CF19D21B277BA0036C5AC /* LeaderboardKey.swift */,
				A56CF19F21B2922E0036C5AC /* Interactor.swift */,
				A56CF1A121B2927A0036C5AC /* Leaderboard.swift */,
			);
			path = AdventOfCode;
			sourceTree = "<group>";
		};
		A56CF19121B274630036C5AC /* AdventOfCodeTests */ = {
			isa = PBXGroup;
			children = (
				A56CF19221B274630036C5AC /* AdventOfCodeTests.swift */,
				A56CF19421B274630036C5AC /* Info.plist */,
				A56CF1A321B292A70036C5AC /* Example.json */,
			);
			path = AdventOfCodeTests;
			sourceTree = "<group>";
		};
/* End PBXGroup section */

/* Begin PBXNativeTarget section */
		A56CF17921B274620036C5AC /* AdventOfCode */ = {
			isa = PBXNativeTarget;
			buildConfigurationList = A56CF19721B274630036C5AC /* Build configuration list for PBXNativeTarget "AdventOfCode" */;
			buildPhases = (
				A56CF17621B274620036C5AC /* Sources */,
				A56CF17721B274620036C5AC /* Frameworks */,
				A56CF17821B274620036C5AC /* Resources */,
			);
			buildRules = (
			);
			dependencies = (
			);
			name = AdventOfCode;
			productName = AdventOfCode;
			productReference = A56CF17A21B274620036C5AC /* AdventOfCode.app */;
			productType = "com.apple.product-type.application";
		};
		A56CF18D21B274630036C5AC /* AdventOfCodeTests */ = {
			isa = PBXNativeTarget;
			buildConfigurationList = A56CF19A21B274630036C5AC /* Build configuration list for PBXNativeTarget "AdventOfCodeTests" */;
			buildPhases = (
				A56CF18A21B274630036C5AC /* Sources */,
				A56CF18B21B274630036C5AC /* Frameworks */,
				A56CF18C21B274630036C5AC /* Resources */,
			);
			buildRules = (
			);
			dependencies = (
				A56CF19021B274630036C5AC /* PBXTargetDependency */,
			);
			name = AdventOfCodeTests;
			productName = AdventOfCodeTests;
			productReference = A56CF18E21B274630036C5AC /* AdventOfCodeTests.xctest */;
			productType = "com.apple.product-type.bundle.unit-test";
		};
/* End PBXNativeTarget section */

/* Begin PBXProject section */
		A56CF17221B274620036C5AC /* Project object */ = {
			isa = PBXProject;
			attributes = {
				LastSwiftUpdateCheck = 1010;
				LastUpgradeCheck = 1010;
				ORGANIZATIONNAME = Catawiki;
				TargetAttributes = {
					A56CF17921B274620036C5AC = {
						CreatedOnToolsVersion = 10.1;
					};
					A56CF18D21B274630036C5AC = {
						CreatedOnToolsVersion = 10.1;
						TestTargetID = A56CF17921B274620036C5AC;
					};
				};
			};
			buildConfigurationList = A56CF17521B274620036C5AC /* Build configuration list for PBXProject "AdventOfCode" */;
			compatibilityVersion = "Xcode 9.3";
			developmentRegion = en;
			hasScannedForEncodings = 0;
			knownRegions = (
				en,
				Base,
			);
			mainGroup = A56CF17121B274620036C5AC;
			productRefGroup = A56CF17B21B274620036C5AC /* Products */;
			projectDirPath = "";
			projectRoot = "";
			targets = (
				A56CF17921B274620036C5AC /* AdventOfCode */,
				A56CF18D21B274630036C5AC /* AdventOfCodeTests */,
			);
		};
/* End PBXProject section */

/* Begin PBXResourcesBuildPhase section */
		A56CF17821B274620036C5AC /* Resources */ = {
			isa = PBXResourcesBuildPhase;
			buildActionMask = 2147483647;
			files = (
				A56CF18821B274630036C5AC /* LaunchScreen.storyboard in Resources */,
				A56CF18521B274630036C5AC /* Assets.xcassets in Resources */,
			);
			runOnlyForDeploymentPostprocessing = 0;
		};
		A56CF18C21B274630036C5AC /* Resources */ = {
			isa = PBXResourcesBuildPhase;
			buildActionMask = 2147483647;
			files = (
				A56CF1A421B292A70036C5AC /* Example.json in Resources */,
			);
			runOnlyForDeploymentPostprocessing = 0;
		};
/* End PBXResourcesBuildPhase section */

/* Begin PBXSourcesBuildPhase section */
		A56CF17621B274620036C5AC /* Sources */ = {
			isa = PBXSourcesBuildPhase;
			buildActionMask = 2147483647;
			files = (
				A56CF19E21B277BA0036C5AC /* LeaderboardKey.swift in Sources */,
				A56CF18021B274620036C5AC /* ViewController.swift in Sources */,
				A56CF1A021B2922E0036C5AC /* Interactor.swift in Sources */,
				A56CF17E21B274620036C5AC /* AppDelegate.swift in Sources */,
				A56CF1A221B2927A0036C5AC /* Leaderboard.swift in Sources */,
			);
			runOnlyForDeploymentPostprocessing = 0;
		};
		A56CF18A21B274630036C5AC /* Sources */ = {
			isa = PBXSourcesBuildPhase;
			buildActionMask = 2147483647;
			files = (
				A56CF19321B274630036C5AC /* AdventOfCodeTests.swift in Sources */,
			);
			runOnlyForDeploymentPostprocessing = 0;
		};
/* End PBXSourcesBuildPhase section */

/* Begin PBXTargetDependency section */
		A56CF19021B274630036C5AC /* PBXTargetDependency */ = {
			isa = PBXTargetDependency;
			target = A56CF17921B274620036C5AC /* AdventOfCode */;
			targetProxy = A56CF18F21B274630036C5AC /* PBXContainerItemProxy */;
		};
/* End PBXTargetDependency section */

/* Begin PBXVariantGroup section */
		A56CF18621B274630036C5AC /* LaunchScreen.storyboard */ = {
			isa = PBXVariantGroup;
			children = (
				A56CF18721B274630036C5AC /* Base */,
			);
			name = LaunchScreen.storyboard;
			sourceTree = "<group>";
		};
/* End PBXVariantGroup section */

/* Begin XCBuildConfiguration section */
		A56CF19521B274630036C5AC /* Debug */ = {
			isa = XCBuildConfiguration;
			buildSettings = {
				ALWAYS_SEARCH_USER_PATHS = NO;
				CLANG_ANALYZER_NONNULL = YES;
				CLANG_ANALYZER_NUMBER_OBJECT_CONVERSION = YES_AGGRESSIVE;
				CLANG_CXX_LANGUAGE_STANDARD = "gnu++14";
				CLANG_CXX_LIBRARY = "libc++";
				CLANG_ENABLE_MODULES = YES;
				CLANG_ENABLE_OBJC_ARC = YES;
				CLANG_ENABLE_OBJC_WEAK = YES;
				CLANG_WARN_BLOCK_CAPTURE_AUTORELEASING = YES;
				CLANG_WARN_BOOL_CONVERSION = YES;
				CLANG_WARN_COMMA = YES;
				CLANG_WARN_CONSTANT_CONVERSION = YES;
				CLANG_WARN_DEPRECATED_OBJC_IMPLEMENTATIONS = YES;
				CLANG_WARN_DIRECT_OBJC_ISA_USAGE = YES_ERROR;
				CLANG_WARN_DOCUMENTATION_COMMENTS = YES;
				CLANG_WARN_EMPTY_BODY = YES;
				CLANG_WARN_ENUM_CONVERSION = YES;
				CLANG_WARN_INFINITE_RECURSION = YES;
				CLANG_WARN_INT_CONVERSION = YES;
				CLANG_WARN_NON_LITERAL_NULL_CONVERSION = YES;
				CLANG_WARN_OBJC_IMPLICIT_RETAIN_SELF = YES;
				CLANG_WARN_OBJC_LITERAL_CONVERSION = YES;
				CLANG_WARN_OBJC_ROOT_CLASS = YES_ERROR;
				CLANG_WARN_RANGE_LOOP_ANALYSIS = YES;
				CLANG_WARN_STRICT_PROTOTYPES = YES;
				CLANG_WARN_SUSPICIOUS_MOVE = YES;
				CLANG_WARN_UNGUARDED_AVAILABILITY = YES_AGGRESSIVE;
				CLANG_WARN_UNREACHABLE_CODE = YES;
				CLANG_WARN__DUPLICATE_METHOD_MATCH = YES;
				CODE_SIGN_IDENTITY = "iPhone Developer";
				COPY_PHASE_STRIP = NO;
				DEBUG_INFORMATION_FORMAT = dwarf;
				ENABLE_STRICT_OBJC_MSGSEND = YES;
				ENABLE_TESTABILITY = YES;
				GCC_C_LANGUAGE_STANDARD = gnu11;
				GCC_DYNAMIC_NO_PIC = NO;
				GCC_NO_COMMON_BLOCKS = YES;
				GCC_OPTIMIZATION_LEVEL = 0;
				GCC_PREPROCESSOR_DEFINITIONS = (
					"DEBUG=1",
					"$(inherited)",
				);
				GCC_WARN_64_TO_32_BIT_CONVERSION = YES;
				GCC_WARN_ABOUT_RETURN_TYPE = YES_ERROR;
				GCC_WARN_UNDECLARED_SELECTOR = YES;
				GCC_WARN_UNINITIALIZED_AUTOS = YES_AGGRESSIVE;
				GCC_WARN_UNUSED_FUNCTION = YES;
				GCC_WARN_UNUSED_VARIABLE = YES;
				IPHONEOS_DEPLOYMENT_TARGET = 12.1;
				MTL_ENABLE_DEBUG_INFO = INCLUDE_SOURCE;
				MTL_FAST_MATH = YES;
				ONLY_ACTIVE_ARCH = YES;
				SDKROOT = iphoneos;
				SWIFT_ACTIVE_COMPILATION_CONDITIONS = DEBUG;
				SWIFT_OPTIMIZATION_LEVEL = "-Onone";
			};
			name = Debug;
		};
		A56CF19621B274630036C5AC /* Release */ = {
			isa = XCBuildConfiguration;
			buildSettings = {
				ALWAYS_SEARCH_USER_PATHS = NO;
				CLANG_ANALYZER_NONNULL = YES;
				CLANG_ANALYZER_NUMBER_OBJECT_CONVERSION = YES_AGGRESSIVE;
				CLANG_CXX_LANGUAGE_STANDARD = "gnu++14";
				CLANG_CXX_LIBRARY = "libc++";
				CLANG_ENABLE_MODULES = YES;
				CLANG_ENABLE_OBJC_ARC = YES;
				CLANG_ENABLE_OBJC_WEAK = YES;
				CLANG_WARN_BLOCK_CAPTURE_AUTORELEASING = YES;
				CLANG_WARN_BOOL_CONVERSION = YES;
				CLANG_WARN_COMMA = YES;
				CLANG_WARN_CONSTANT_CONVERSION = YES;
				CLANG_WARN_DEPRECATED_OBJC_IMPLEMENTATIONS = YES;
				CLANG_WARN_DIRECT_OBJC_ISA_USAGE = YES_ERROR;
				CLANG_WARN_DOCUMENTATION_COMMENTS = YES;
				CLANG_WARN_EMPTY_BODY = YES;
				CLANG_WARN_ENUM_CONVERSION = YES;
				CLANG_WARN_INFINITE_RECURSION = YES;
				CLANG_WARN_INT_CONVERSION = YES;
				CLANG_WARN_NON_LITERAL_NULL_CONVERSION = YES;
				CLANG_WARN_OBJC_IMPLICIT_RETAIN_SELF = YES;
				CLANG_WARN_OBJC_LITERAL_CONVERSION = YES;
				CLANG_WARN_OBJC_ROOT_CLASS = YES_ERROR;
				CLANG_WARN_RANGE_LOOP_ANALYSIS = YES;
				CLANG_WARN_STRICT_PROTOTYPES = YES;
				CLANG_WARN_SUSPICIOUS_MOVE = YES;
				CLANG_WARN_UNGUARDED_AVAILABILITY = YES_AGGRESSIVE;
				CLANG_WARN_UNREACHABLE_CODE = YES;
				CLANG_WARN__DUPLICATE_METHOD_MATCH = YES;
				CODE_SIGN_IDENTITY = "iPhone Developer";
				COPY_PHASE_STRIP = NO;
				DEBUG_INFORMATION_FORMAT = "dwarf-with-dsym";
				ENABLE_NS_ASSERTIONS = NO;
				ENABLE_STRICT_OBJC_MSGSEND = YES;
				GCC_C_LANGUAGE_STANDARD = gnu11;
				GCC_NO_COMMON_BLOCKS = YES;
				GCC_WARN_64_TO_32_BIT_CONVERSION = YES;
				GCC_WARN_ABOUT_RETURN_TYPE = YES_ERROR;
				GCC_WARN_UNDECLARED_SELECTOR = YES;
				GCC_WARN_UNINITIALIZED_AUTOS = YES_AGGRESSIVE;
				GCC_WARN_UNUSED_FUNCTION = YES;
				GCC_WARN_UNUSED_VARIABLE = YES;
				IPHONEOS_DEPLOYMENT_TARGET = 12.1;
				MTL_ENABLE_DEBUG_INFO = NO;
				MTL_FAST_MATH = YES;
				SDKROOT = iphoneos;
				SWIFT_COMPILATION_MODE = wholemodule;
				SWIFT_OPTIMIZATION_LEVEL = "-O";
				VALIDATE_PRODUCT = YES;
			};
			name = Release;
		};
		A56CF19821B274630036C5AC /* Debug */ = {
			isa = XCBuildConfiguration;
			buildSettings = {
				ASSETCATALOG_COMPILER_APPICON_NAME = AppIcon;
				CODE_SIGN_STYLE = Automatic;
				DEVELOPMENT_TEAM = W4ANNK34Q2;
				INFOPLIST_FILE = AdventOfCode/Info.plist;
				LD_RUNPATH_SEARCH_PATHS = (
					"$(inherited)",
					"@executable_path/Frameworks",
				);
				PRODUCT_BUNDLE_IDENTIFIER = com.mmvdv.AdventOfCode;
				PRODUCT_NAME = "$(TARGET_NAME)";
				SWIFT_VERSION = 4.2;
				TARGETED_DEVICE_FAMILY = "1,2";
			};
			name = Debug;
		};
		A56CF19921B274630036C5AC /* Release */ = {
			isa = XCBuildConfiguration;
			buildSettings = {
				ASSETCATALOG_COMPILER_APPICON_NAME = AppIcon;
				CODE_SIGN_STYLE = Automatic;
				DEVELOPMENT_TEAM = W4ANNK34Q2;
				INFOPLIST_FILE = AdventOfCode/Info.plist;
				LD_RUNPATH_SEARCH_PATHS = (
					"$(inherited)",
					"@executable_path/Frameworks",
				);
				PRODUCT_BUNDLE_IDENTIFIER = com.mmvdv.AdventOfCode;
				PRODUCT_NAME = "$(TARGET_NAME)";
				SWIFT_VERSION = 4.2;
				TARGETED_DEVICE_FAMILY = "1,2";
			};
			name = Release;
		};
		A56CF19B21B274630036C5AC /* Debug */ = {
			isa = XCBuildConfiguration;
			buildSettings = {
				ALWAYS_EMBED_SWIFT_STANDARD_LIBRARIES = YES;
				BUNDLE_LOADER = "$(TEST_HOST)";
				CODE_SIGN_STYLE = Automatic;
				DEVELOPMENT_TEAM = W4ANNK34Q2;
				INFOPLIST_FILE = AdventOfCodeTests/Info.plist;
				LD_RUNPATH_SEARCH_PATHS = (
					"$(inherited)",
					"@executable_path/Frameworks",
					"@loader_path/Frameworks",
				);
				PRODUCT_BUNDLE_IDENTIFIER = com.mmvdv.AdventOfCodeTests;
				PRODUCT_NAME = "$(TARGET_NAME)";
				SWIFT_VERSION = 4.2;
				TARGETED_DEVICE_FAMILY = "1,2";
				TEST_HOST = "$(BUILT_PRODUCTS_DIR)/AdventOfCode.app/AdventOfCode";
			};
			name = Debug;
		};
		A56CF19C21B274630036C5AC /* Release */ = {
			isa = XCBuildConfiguration;
			buildSettings = {
				ALWAYS_EMBED_SWIFT_STANDARD_LIBRARIES = YES;
				BUNDLE_LOADER = "$(TEST_HOST)";
				CODE_SIGN_STYLE = Automatic;
				DEVELOPMENT_TEAM = W4ANNK34Q2;
				INFOPLIST_FILE = AdventOfCodeTests/Info.plist;
				LD_RUNPATH_SEARCH_PATHS = (
					"$(inherited)",
					"@executable_path/Frameworks",
					"@loader_path/Frameworks",
				);
				PRODUCT_BUNDLE_IDENTIFIER = com.mmvdv.AdventOfCodeTests;
				PRODUCT_NAME = "$(TARGET_NAME)";
				SWIFT_VERSION = 4.2;
				TARGETED_DEVICE_FAMILY = "1,2";
				TEST_HOST = "$(BUILT_PRODUCTS_DIR)/AdventOfCode.app/AdventOfCode";
			};
			name = Release;
		};
/* End XCBuildConfiguration section */

/* Begin XCConfigurationList section */
		A56CF17521B274620036C5AC /* Build configuration list for PBXProject "AdventOfCode" */ = {
			isa = XCConfigurationList;
			buildConfigurations = (
				A56CF19521B274630036C5AC /* Debug */,
				A56CF19621B274630036C5AC /* Release */,
			);
			defaultConfigurationIsVisible = 0;
			defaultConfigurationName = Release;
		};
		A56CF19721B274630036C5AC /* Build configuration list for PBXNativeTarget "AdventOfCode" */ = {
			isa = XCConfigurationList;
			buildConfigurations = (
				A56CF19821B274630036C5AC /* Debug */,
				A56CF19921B274630036C5AC /* Release */,
			);
			defaultConfigurationIsVisible = 0;
			defaultConfigurationName = Release;
		};
		A56CF19A21B274630036C5AC /* Build configuration list for PBXNativeTarget "AdventOfCodeTests" */ = {
			isa = XCConfigurationList;
			buildConfigurations = (
				A56CF19B21B274630036C5AC /* Debug */,
				A56CF19C21B274630036C5AC /* Release */,
			);
			defaultConfigurationIsVisible = 0;
			defaultConfigurationName = Release;
		};
/* End XCConfigurationList section */
	};
	rootObject = A56CF17221B274620036C5AC /* Project object */;
}
